
Microsoft Visual Studio Solution File, Format Version 12.00
# Visual Studio Version 16
VisualStudioVersion = 16.0.29215.179
MinimumVisualStudioVersion = 10.0.40219.1
Project("{FAE04EC0-301F-11D3-BF4B-00C04F79EFBC}") = "LightsOut", "LightsOut\LightsOut.csproj", "{11621482-8DDC-406F-8F58-0ED69665C820}"
EndProject
Global
	GlobalSection(SolutionConfigurationPlatforms) = preSolution
		Debug|Any CPU = Debug|Any CPU
		Release|Any CPU = Release|Any CPU
	EndGlobalSection
	GlobalSection(ProjectConfigurationPlatforms) = postSolution
		{11621482-8DDC-406F-8F58-0ED69665C820}.Debug|Any CPU.ActiveCfg = Debug|Any CPU
		{11621482-8DDC-406F-8F58-0ED69665C820}.Debug|Any CPU.Build.0 = Debug|Any CPU
		{11621482-8DDC-406F-8F58-0ED69665C820}.Release|Any CPU.ActiveCfg = Release|Any CPU
		{11621482-8DDC-406F-8F58-0ED69665C820}.Release|Any CPU.Build.0 = Release|Any CPU
	EndGlobalSection
	GlobalSection(SolutionProperties) = preSolution
		HideSolutionNode = FALSE
	EndGlobalSection
	GlobalSection(ExtensibilityGlobals) = postSolution
		SolutionGuid = {0A752FB2-F691-40D3-ACBF-3D17A15FC45F}
	EndGlobalSection
EndGlobal
